
Microsoft Visual Studio Solution File, Format Version 12.00
# Visual Studio Version 16
VisualStudioVersion = 16.0.32106.194
MinimumVisualStudioVersion = 10.0.40219.1
Project("{FAE04EC0-301F-11D3-BF4B-00C04F79EFBC}") = "CRUD_AspDotNetMVC", "CRUD_AspDotNetMVC\CRUD_AspDotNetMVC.csproj", "{E75F07D6-370B-4447-B472-13758BEEE072}"
EndProject
Global
	GlobalSection(SolutionConfigurationPlatforms) = preSolution
		Debug|Any CPU = Debug|Any CPU
		Release|Any CPU = Release|Any CPU
	EndGlobalSection
	GlobalSection(ProjectConfigurationPlatforms) = postSolution
		{E75F07D6-370B-4447-B472-13758BEEE072}.Debug|Any CPU.ActiveCfg = Debug|Any CPU
		{E75F07D6-370B-4447-B472-13758BEEE072}.Debug|Any CPU.Build.0 = Debug|Any CPU
		{E75F07D6-370B-4447-B472-13758BEEE072}.Release|Any CPU.ActiveCfg = Release|Any CPU
		{E75F07D6-370B-4447-B472-13758BEEE072}.Release|Any CPU.Build.0 = Release|Any CPU
	EndGlobalSection
	GlobalSection(SolutionProperties) = preSolution
		HideSolutionNode = FALSE
	EndGlobalSection
	GlobalSection(ExtensibilityGlobals) = postSolution
		SolutionGuid = {2DB9D868-76C3-4404-90FF-FB820E96F532}
	EndGlobalSection
EndGlobal
